
Microsoft Visual Studio Solution File, Format Version 12.00
# Visual Studio Version 16
VisualStudioVersion = 16.0.29613.14
MinimumVisualStudioVersion = 10.0.40219.1
Project("{9A19103F-16F7-4668-BE54-9A1E7A4F7556}") = "RPGGame", "RPGGame.csproj", "{FEFA392D-91E7-4D7E-BCA7-6E5A8B94CDD9}"
EndProject
Global
	GlobalSection(SolutionConfigurationPlatforms) = preSolution
		Debug|Any CPU = Debug|Any CPU
		Release|Any CPU = Release|Any CPU
	EndGlobalSection
	GlobalSection(ProjectConfigurationPlatforms) = postSolution
		{FEFA392D-91E7-4D7E-BCA7-6E5A8B94CDD9}.Debug|Any CPU.ActiveCfg = Debug|Any CPU
		{FEFA392D-91E7-4D7E-BCA7-6E5A8B94CDD9}.Debug|Any CPU.Build.0 = Debug|Any CPU
		{FEFA392D-91E7-4D7E-BCA7-6E5A8B94CDD9}.Release|Any CPU.ActiveCfg = Release|Any CPU
		{FEFA392D-91E7-4D7E-BCA7-6E5A8B94CDD9}.Release|Any CPU.Build.0 = Release|Any CPU
	EndGlobalSection
	GlobalSection(SolutionProperties) = preSolution
		HideSolutionNode = FALSE
	EndGlobalSection
	GlobalSection(ExtensibilityGlobals) = postSolution
		SolutionGuid = {0DD8815C-0F58-40B9-A7D8-E70526A41FB0}
	EndGlobalSection
EndGlobal
